
Microsoft Visual Studio Solution File, Format Version 12.00
# Visual Studio 15
VisualStudioVersion = 15.0.26228.4
MinimumVisualStudioVersion = 10.0.40219.1
Project("{FAE04EC0-301F-11D3-BF4B-00C04F79EFBC}") = "PT2017_W14G1_1", "PT2017_W14G1_1\PT2017_W14G1_1.csproj", "{4611206E-C958-4A58-BB71-D021094EBB69}"
EndProject
Project("{FAE04EC0-301F-11D3-BF4B-00C04F79EFBC}") = "WindowsFormsAppSQL", "WindowsFormsAppSQL\WindowsFormsAppSQL.csproj", "{6E8BB9B2-902C-4491-83BE-4BF714418078}"
EndProject
Global
	GlobalSection(SolutionConfigurationPlatforms) = preSolution
		Debug|Any CPU = Debug|Any CPU
		Release|Any CPU = Release|Any CPU
	EndGlobalSection
	GlobalSection(ProjectConfigurationPlatforms) = postSolution
		{4611206E-C958-4A58-BB71-D021094EBB69}.Debug|Any CPU.ActiveCfg = Debug|Any CPU
		{4611206E-C958-4A58-BB71-D021094EBB69}.Debug|Any CPU.Build.0 = Debug|Any CPU
		{4611206E-C958-4A58-BB71-D021094EBB69}.Release|Any CPU.ActiveCfg = Release|Any CPU
		{4611206E-C958-4A58-BB71-D021094EBB69}.Release|Any CPU.Build.0 = Release|Any CPU
		{6E8BB9B2-902C-4491-83BE-4BF714418078}.Debug|Any CPU.ActiveCfg = Debug|Any CPU
		{6E8BB9B2-902C-4491-83BE-4BF714418078}.Debug|Any CPU.Build.0 = Debug|Any CPU
		{6E8BB9B2-902C-4491-83BE-4BF714418078}.Release|Any CPU.ActiveCfg = Release|Any CPU
		{6E8BB9B2-902C-4491-83BE-4BF714418078}.Release|Any CPU.Build.0 = Release|Any CPU
	EndGlobalSection
	GlobalSection(SolutionProperties) = preSolution
		HideSolutionNode = FALSE
	EndGlobalSection
EndGlobal
